<?xml version="1.0" encoding="utf-8"?>
<Project ToolsVersion="4.0" xmlns="http://schemas.microsoft.com/developer/msbuild/2003">
  <ItemGroup>
    <Filter Include="源文件">
      <UniqueIdentifier>{4FC737F1-C7A5-4376-A066-2A32D752A2FF}</UniqueIdentifier>
      <Extensions>cpp;c;cc;cxx;def;odl;idl;hpj;bat;asm;asmx</Extensions>
    </Filter>
    <Filter Include="头文件">
      <UniqueIdentifier>{93995380-89BD-4b04-88EB-625FBE52EBFB}</UniqueIdentifier>
      <Extensions>h;hh;hpp;hxx;hm;inl;inc;xsd</Extensions>
    </Filter>
    <Filter Include="资源文件">
      <UniqueIdentifier>{67DA6AB6-F800-4c08-8B7A-83BB121AAD01}</UniqueIdentifier>
      <Extensions>rc;ico;cur;bmp;dlg;rc2;rct;bin;rgs;gif;jpg;jpeg;jpe;resx;tiff;tif;png;wav;mfcribbon-ms</Extensions>
    </Filter>
    <Filter Include="player">
      <UniqueIdentifier>{084496f7-530c-47d9-b6e5-4d0dca887a8d}</UniqueIdentifier>
    </Filter>
    <Filter Include="player\base">
      <UniqueIdentifier>{4f45fced-ac42-4d53-9b11-9a316e966382}</UniqueIdentifier>
    </Filter>
    <Filter Include="player\device">
      <UniqueIdentifier>{2b49aabf-e200-43c0-b995-4b6af0b9bb5f}</UniqueIdentifier>
    </Filter>
    <Filter Include="player\file">
      <UniqueIdentifier>{03fd3d15-1e7f-4b5b-b6e6-80d7c1d5d92b}</UniqueIdentifier>
    </Filter>
    <Filter Include="player\network">
      <UniqueIdentifier>{f668b9e0-353a-45db-b640-7203ca09385f}</UniqueIdentifier>
    </Filter>
    <Filter Include="player\base\video">
      <UniqueIdentifier>{ccbbe6f5-6478-4f45-979e-34ff97f58216}</UniqueIdentifier>
    </Filter>
  </ItemGroup>
  <ItemGroup>
    <ClInclude Include="include\global_media_core.h">
      <Filter>头文件</Filter>
    </ClInclude>
    <ClInclude Include="include\base_player.h">
      <Filter>player\base</Filter>
    </ClInclude>
    <ClInclude Include="include\file_player.h">
      <Filter>player\file</Filter>
    </ClInclude>
    <ClInclude Include="include\base_player_datatype.h">
      <Filter>player\base</Filter>
    </ClInclude>
    <ClInclude Include="include\media_core_erorcode.h">
      <Filter>player\base</Filter>
    </ClInclude>
    <ClInclude Include="media_core_errormessage.h">
      <Filter>player\base</Filter>
    </ClInclude>
    <ClInclude Include="include\video_render_file_player.h">
      <Filter>player\file</Filter>
    </ClInclude>
    <ClInclude Include="video_render_file_player_impl.h">
      <Filter>player\file</Filter>
    </ClInclude>
    <ClInclude Include="include\video_render_file_player_dataype.h">
      <Filter>player\file</Filter>
    </ClInclude>
    <ClInclude Include="abstract_audio_player.h">
      <Filter>player\base</Filter>
    </ClInclude>
    <ClInclude Include="unique_channel_base_video_player.h">
      <Filter>player\base\video</Filter>
    </ClInclude>
    <ClInclude Include="unique_channel_compress_video_player.h">
      <Filter>player\base\video</Filter>
    </ClInclude>
    <ClInclude Include="unique_channel_uncompress_video_player.h">
      <Filter>player\base\video</Filter>
    </ClInclude>
    <ClInclude Include="filter.h">
      <Filter>player\base</Filter>
    </ClInclude>
    <ClInclude Include="multiple_channel_base_video_player.h">
      <Filter>player\base\video</Filter>
    </ClInclude>
    <ClInclude Include="multiple_channel_uncompress_video_player.h">
      <Filter>player\base\video</Filter>
    </ClInclude>
    <ClInclude Include="multiple_channel_compress_video_player.h">
      <Filter>player\base\video</Filter>
    </ClInclude>
  </ItemGroup>
  <ItemGroup>
    <ClCompile Include="base_player.cpp">
      <Filter>player\base</Filter>
    </ClCompile>
    <ClCompile Include="file_player.cpp">
      <Filter>player\file</Filter>
    </ClCompile>
    <ClCompile Include="video_render_file_player.cpp">
      <Filter>player\file</Filter>
    </ClCompile>
    <ClCompile Include="video_render_file_player_impl.cpp">
      <Filter>player\file</Filter>
    </ClCompile>
    <ClCompile Include="abstract_audio_player.cpp">
      <Filter>player\base</Filter>
    </ClCompile>
    <ClCompile Include="unique_channel_base_video_player.cpp">
      <Filter>player\base\video</Filter>
    </ClCompile>
    <ClCompile Include="unique_channel_compress_video_player.cpp">
      <Filter>player\base\video</Filter>
    </ClCompile>
    <ClCompile Include="unique_channel_uncompress_video_player.cpp">
      <Filter>player\base\video</Filter>
    </ClCompile>
    <ClCompile Include="multiple_channel_base_video_player.cpp">
      <Filter>player\base\video</Filter>
    </ClCompile>
    <ClCompile Include="multiple_channel_uncompress_video_player.cpp">
      <Filter>player\base\video</Filter>
    </ClCompile>
    <ClCompile Include="multiple_channel_compress_video_player.cpp">
      <Filter>player\base\video</Filter>
    </ClCompile>
  </ItemGroup>
</Project>