<?xml version="1.0" encoding="utf-8"?>
<Project ToolsVersion="4.0" xmlns="http://schemas.microsoft.com/developer/msbuild/2003">
  <ItemGroup>
    <Filter Include="源文件">
      <UniqueIdentifier>{4FC737F1-C7A5-4376-A066-2A32D752A2FF}</UniqueIdentifier>
      <Extensions>cpp;c;cc;cxx;def;odl;idl;hpj;bat;asm;asmx</Extensions>
    </Filter>
    <Filter Include="头文件">
      <UniqueIdentifier>{93995380-89BD-4b04-88EB-625FBE52EBFB}</UniqueIdentifier>
      <Extensions>h;hh;hpp;hxx;hm;inl;inc;xsd</Extensions>
    </Filter>
    <Filter Include="资源文件">
      <UniqueIdentifier>{67DA6AB6-F800-4c08-8B7A-83BB121AAD01}</UniqueIdentifier>
      <Extensions>rc;ico;cur;bmp;dlg;rc2;rct;bin;rgs;gif;jpg;jpeg;jpe;resx;tiff;tif;png;wav;mfcribbon-ms</Extensions>
    </Filter>
    <Filter Include="volume_column">
      <UniqueIdentifier>{abb83172-1097-4ef9-9f21-d4e26624a15a}</UniqueIdentifier>
    </Filter>
    <Filter Include="mosaic">
      <UniqueIdentifier>{39275cd7-4c82-45a6-832e-9d1634aee159}</UniqueIdentifier>
    </Filter>
    <Filter Include="base">
      <UniqueIdentifier>{ca8c710b-94c1-40d1-93ae-726776f8af3f}</UniqueIdentifier>
    </Filter>
    <Filter Include="flip&amp;mirror">
      <UniqueIdentifier>{0a4e5874-50a7-4f1f-9b57-26e00796b884}</UniqueIdentifier>
    </Filter>
    <Filter Include="rotation">
      <UniqueIdentifier>{9b1fedfd-4823-4c66-9b29-2a51da81dbe6}</UniqueIdentifier>
    </Filter>
    <Filter Include="convertor">
      <UniqueIdentifier>{3839d557-a7eb-430e-9b5c-f571d8bd9e28}</UniqueIdentifier>
    </Filter>
  </ItemGroup>
  <ItemGroup>
    <ClInclude Include="include\global_media_handler.h">
      <Filter>头文件</Filter>
    </ClInclude>
    <ClInclude Include="async_handler.h">
      <Filter>头文件</Filter>
    </ClInclude>
    <ClInclude Include="include\volume_column_handler.h">
      <Filter>volume_column</Filter>
    </ClInclude>
    <ClInclude Include="volume_column_handler_impl.hpp">
      <Filter>volume_column</Filter>
    </ClInclude>
    <ClInclude Include="include\base_audio_handler.h">
      <Filter>base</Filter>
    </ClInclude>
    <ClInclude Include="include\base_video_handler.h">
      <Filter>base</Filter>
    </ClInclude>
    <ClInclude Include="include\audio_handler_datatype.h">
      <Filter>base</Filter>
    </ClInclude>
    <ClInclude Include="include\video_handler_datatype.h">
      <Filter>base</Filter>
    </ClInclude>
    <ClInclude Include="mosaic_handler_impl.h">
      <Filter>mosaic</Filter>
    </ClInclude>
    <ClInclude Include="flip_handler_impl.h">
      <Filter>flip&amp;mirror</Filter>
    </ClInclude>
    <ClInclude Include="include\flip_handler.h">
      <Filter>flip&amp;mirror</Filter>
    </ClInclude>
    <ClInclude Include="mirror_handler_impl.h">
      <Filter>flip&amp;mirror</Filter>
    </ClInclude>
    <ClInclude Include="include\mirror_handler.h">
      <Filter>flip&amp;mirror</Filter>
    </ClInclude>
    <ClInclude Include="include\mosaic_handler.h">
      <Filter>mosaic</Filter>
    </ClInclude>
    <ClInclude Include="include\format_convertor.h">
      <Filter>convertor</Filter>
    </ClInclude>
    <ClInclude Include="format_convertor_impl.h">
      <Filter>convertor</Filter>
    </ClInclude>
    <ClInclude Include="include\rotation_handler.h">
      <Filter>rotation</Filter>
    </ClInclude>
    <ClInclude Include="rotation_handler_impl.h">
      <Filter>rotation</Filter>
    </ClInclude>
  </ItemGroup>
  <ItemGroup>
    <ClCompile Include="asnyc_handler.cpp">
      <Filter>源文件</Filter>
    </ClCompile>
    <ClCompile Include="volume_column_handler.cpp">
      <Filter>volume_column</Filter>
    </ClCompile>
    <ClCompile Include="mosaic_handler.cpp">
      <Filter>mosaic</Filter>
    </ClCompile>
    <ClCompile Include="flip_handler.cpp">
      <Filter>flip&amp;mirror</Filter>
    </ClCompile>
    <ClCompile Include="mosaic_handler_impl.cpp">
      <Filter>mosaic</Filter>
    </ClCompile>
    <ClCompile Include="flip_handler_impl.cpp">
      <Filter>flip&amp;mirror</Filter>
    </ClCompile>
    <ClCompile Include="mirror_handler.cpp">
      <Filter>flip&amp;mirror</Filter>
    </ClCompile>
    <ClCompile Include="mirror_handler_impl.cpp">
      <Filter>flip&amp;mirror</Filter>
    </ClCompile>
    <ClCompile Include="format_convertor.cpp">
      <Filter>convertor</Filter>
    </ClCompile>
    <ClCompile Include="format_convertor_impl.cpp">
      <Filter>convertor</Filter>
    </ClCompile>
    <ClCompile Include="rotation_handler.cpp">
      <Filter>rotation</Filter>
    </ClCompile>
    <ClCompile Include="rotation_handler_impl.cpp">
      <Filter>rotation</Filter>
    </ClCompile>
  </ItemGroup>
</Project>