
Microsoft Visual Studio Solution File, Format Version 12.00
# Visual Studio 14
VisualStudioVersion = 14.0.25420.1
MinimumVisualStudioVersion = 10.0.40219.1
Project("{8BC9CEB8-8B4A-11D0-8D11-00A0C91BC942}") = "InputMediaSource", "InputMediaSource\InputMediaSource.vcxproj", "{3575400D-8E7E-42DF-BF1E-DE39D247A22F}"
EndProject
Project("{8BC9CEB8-8B4A-11D0-8D11-00A0C91BC942}") = "OutputMediaSource", "OutputMediaSource\OutputMediaSource.vcxproj", "{768479F9-6C8A-4A41-A65B-15B9442CFF80}"
EndProject
Project("{8BC9CEB8-8B4A-11D0-8D11-00A0C91BC942}") = "TestSuite", "TestSuite\TestSuite.vcxproj", "{45BD69B0-6F89-45A9-B4BD-24B8D4266D0B}"
EndProject
Global
	GlobalSection(SolutionConfigurationPlatforms) = preSolution
		Debug|x64 = Debug|x64
		Debug|x86 = Debug|x86
		Release|x64 = Release|x64
		Release|x86 = Release|x86
	EndGlobalSection
	GlobalSection(ProjectConfigurationPlatforms) = postSolution
		{3575400D-8E7E-42DF-BF1E-DE39D247A22F}.Debug|x64.ActiveCfg = Debug|x64
		{3575400D-8E7E-42DF-BF1E-DE39D247A22F}.Debug|x64.Build.0 = Debug|x64
		{3575400D-8E7E-42DF-BF1E-DE39D247A22F}.Debug|x86.ActiveCfg = Debug|Win32
		{3575400D-8E7E-42DF-BF1E-DE39D247A22F}.Debug|x86.Build.0 = Debug|Win32
		{3575400D-8E7E-42DF-BF1E-DE39D247A22F}.Release|x64.ActiveCfg = Release|x64
		{3575400D-8E7E-42DF-BF1E-DE39D247A22F}.Release|x64.Build.0 = Release|x64
		{3575400D-8E7E-42DF-BF1E-DE39D247A22F}.Release|x86.ActiveCfg = Release|Win32
		{3575400D-8E7E-42DF-BF1E-DE39D247A22F}.Release|x86.Build.0 = Release|Win32
		{768479F9-6C8A-4A41-A65B-15B9442CFF80}.Debug|x64.ActiveCfg = Debug|x64
		{768479F9-6C8A-4A41-A65B-15B9442CFF80}.Debug|x64.Build.0 = Debug|x64
		{768479F9-6C8A-4A41-A65B-15B9442CFF80}.Debug|x86.ActiveCfg = Debug|Win32
		{768479F9-6C8A-4A41-A65B-15B9442CFF80}.Debug|x86.Build.0 = Debug|Win32
		{768479F9-6C8A-4A41-A65B-15B9442CFF80}.Release|x64.ActiveCfg = Release|x64
		{768479F9-6C8A-4A41-A65B-15B9442CFF80}.Release|x64.Build.0 = Release|x64
		{768479F9-6C8A-4A41-A65B-15B9442CFF80}.Release|x86.ActiveCfg = Release|Win32
		{768479F9-6C8A-4A41-A65B-15B9442CFF80}.Release|x86.Build.0 = Release|Win32
		{45BD69B0-6F89-45A9-B4BD-24B8D4266D0B}.Debug|x64.ActiveCfg = Debug|x64
		{45BD69B0-6F89-45A9-B4BD-24B8D4266D0B}.Debug|x64.Build.0 = Debug|x64
		{45BD69B0-6F89-45A9-B4BD-24B8D4266D0B}.Debug|x86.ActiveCfg = Debug|Win32
		{45BD69B0-6F89-45A9-B4BD-24B8D4266D0B}.Debug|x86.Build.0 = Debug|Win32
		{45BD69B0-6F89-45A9-B4BD-24B8D4266D0B}.Release|x64.ActiveCfg = Release|x64
		{45BD69B0-6F89-45A9-B4BD-24B8D4266D0B}.Release|x64.Build.0 = Release|x64
		{45BD69B0-6F89-45A9-B4BD-24B8D4266D0B}.Release|x86.ActiveCfg = Release|Win32
		{45BD69B0-6F89-45A9-B4BD-24B8D4266D0B}.Release|x86.Build.0 = Release|Win32
	EndGlobalSection
	GlobalSection(SolutionProperties) = preSolution
		HideSolutionNode = FALSE
	EndGlobalSection
EndGlobal
